
Microsoft Visual Studio Solution File, Format Version 12.00
# Visual Studio Version 16
VisualStudioVersion = 16.0.30523.141
MinimumVisualStudioVersion = 10.0.40219.1
Project("{9A19103F-16F7-4668-BE54-9A1E7A4F7556}") = "HeartDiseaseСlassificationML.Model", "HeartDiseaseСlassificationML.Model\HeartDiseaseСlassificationML.Model.csproj", "{56DE88BA-7A2E-4ADF-BDF2-2B96311F34E2}"
EndProject
Project("{9A19103F-16F7-4668-BE54-9A1E7A4F7556}") = "HeartDiseaseСlassificationML.ConsoleApp", "HeartDiseaseСlassificationML.ConsoleApp\HeartDiseaseСlassificationML.ConsoleApp.csproj", "{FA01561B-5E22-425E-B177-3BD4777B3643}"
EndProject
Project("{FAE04EC0-301F-11D3-BF4B-00C04F79EFBC}") = "HeartDiseaseСlassificationUI", "HeartDiseaseСlassificationUI\HeartDiseaseСlassificationUI.csproj", "{82D60314-6AB0-4933-9032-71D6260274B0}"
EndProject
Project("{FAE04EC0-301F-11D3-BF4B-00C04F79EFBC}") = "HeartDiseaseСlassificationUI1", "..\..\..\HeartDiseaseСlassificationUI1\HeartDiseaseСlassificationUI1.csproj", "{439BE04C-1AA8-4781-A818-7E3029B172D0}"
EndProject
Global
	GlobalSection(SolutionConfigurationPlatforms) = preSolution
		Debug|Any CPU = Debug|Any CPU
		Release|Any CPU = Release|Any CPU
	EndGlobalSection
	GlobalSection(ProjectConfigurationPlatforms) = postSolution
		{56DE88BA-7A2E-4ADF-BDF2-2B96311F34E2}.Debug|Any CPU.ActiveCfg = Debug|Any CPU
		{56DE88BA-7A2E-4ADF-BDF2-2B96311F34E2}.Debug|Any CPU.Build.0 = Debug|Any CPU
		{56DE88BA-7A2E-4ADF-BDF2-2B96311F34E2}.Release|Any CPU.ActiveCfg = Release|Any CPU
		{56DE88BA-7A2E-4ADF-BDF2-2B96311F34E2}.Release|Any CPU.Build.0 = Release|Any CPU
		{FA01561B-5E22-425E-B177-3BD4777B3643}.Debug|Any CPU.ActiveCfg = Debug|Any CPU
		{FA01561B-5E22-425E-B177-3BD4777B3643}.Debug|Any CPU.Build.0 = Debug|Any CPU
		{FA01561B-5E22-425E-B177-3BD4777B3643}.Release|Any CPU.ActiveCfg = Release|Any CPU
		{FA01561B-5E22-425E-B177-3BD4777B3643}.Release|Any CPU.Build.0 = Release|Any CPU
		{82D60314-6AB0-4933-9032-71D6260274B0}.Debug|Any CPU.ActiveCfg = Debug|Any CPU
		{82D60314-6AB0-4933-9032-71D6260274B0}.Debug|Any CPU.Build.0 = Debug|Any CPU
		{82D60314-6AB0-4933-9032-71D6260274B0}.Release|Any CPU.ActiveCfg = Release|Any CPU
		{82D60314-6AB0-4933-9032-71D6260274B0}.Release|Any CPU.Build.0 = Release|Any CPU
		{439BE04C-1AA8-4781-A818-7E3029B172D0}.Debug|Any CPU.ActiveCfg = Debug|Any CPU
		{439BE04C-1AA8-4781-A818-7E3029B172D0}.Debug|Any CPU.Build.0 = Debug|Any CPU
		{439BE04C-1AA8-4781-A818-7E3029B172D0}.Release|Any CPU.ActiveCfg = Release|Any CPU
		{439BE04C-1AA8-4781-A818-7E3029B172D0}.Release|Any CPU.Build.0 = Release|Any CPU
	EndGlobalSection
	GlobalSection(SolutionProperties) = preSolution
		HideSolutionNode = FALSE
	EndGlobalSection
	GlobalSection(ExtensibilityGlobals) = postSolution
		SolutionGuid = {DA7A626E-8E99-4EBA-BCF3-F660808E4E49}
	EndGlobalSection
EndGlobal
