
Microsoft Visual Studio Solution File, Format Version 12.00
# Visual Studio 15
VisualStudioVersion = 15.0.26730.16
MinimumVisualStudioVersion = 10.0.40219.1
Project("{8BC9CEB8-8B4A-11D0-8D11-00A0C91BC942}") = "B_12", "B_12\B_12.vcxproj", "{304E5268-A64C-42C1-989D-6ACF16D50867}"
EndProject
Global
	GlobalSection(SolutionConfigurationPlatforms) = preSolution
		Debug|x64 = Debug|x64
		Debug|x86 = Debug|x86
		Release|x64 = Release|x64
		Release|x86 = Release|x86
	EndGlobalSection
	GlobalSection(ProjectConfigurationPlatforms) = postSolution
		{304E5268-A64C-42C1-989D-6ACF16D50867}.Debug|x64.ActiveCfg = Debug|x64
		{304E5268-A64C-42C1-989D-6ACF16D50867}.Debug|x64.Build.0 = Debug|x64
		{304E5268-A64C-42C1-989D-6ACF16D50867}.Debug|x86.ActiveCfg = Debug|Win32
		{304E5268-A64C-42C1-989D-6ACF16D50867}.Debug|x86.Build.0 = Debug|Win32
		{304E5268-A64C-42C1-989D-6ACF16D50867}.Release|x64.ActiveCfg = Release|x64
		{304E5268-A64C-42C1-989D-6ACF16D50867}.Release|x64.Build.0 = Release|x64
		{304E5268-A64C-42C1-989D-6ACF16D50867}.Release|x86.ActiveCfg = Release|Win32
		{304E5268-A64C-42C1-989D-6ACF16D50867}.Release|x86.Build.0 = Release|Win32
	EndGlobalSection
	GlobalSection(SolutionProperties) = preSolution
		HideSolutionNode = FALSE
	EndGlobalSection
	GlobalSection(ExtensibilityGlobals) = postSolution
		SolutionGuid = {D7580CF0-B200-4CCD-974E-1FC62CCF8DFF}
	EndGlobalSection
EndGlobal
