
Microsoft Visual Studio Solution File, Format Version 12.00
# Visual Studio 15
VisualStudioVersion = 15.0.27130.2003
MinimumVisualStudioVersion = 10.0.40219.1
Project("{8BC9CEB8-8B4A-11D0-8D11-00A0C91BC942}") = "Pidsumcova_KR", "Pidsumcova_KR\Pidsumcova_KR.vcxproj", "{506E0BF7-C767-4D09-AE13-C77C587F6FFF}"
EndProject
Global
	GlobalSection(SolutionConfigurationPlatforms) = preSolution
		Debug|x64 = Debug|x64
		Debug|x86 = Debug|x86
		Release|x64 = Release|x64
		Release|x86 = Release|x86
	EndGlobalSection
	GlobalSection(ProjectConfigurationPlatforms) = postSolution
		{506E0BF7-C767-4D09-AE13-C77C587F6FFF}.Debug|x64.ActiveCfg = Debug|x64
		{506E0BF7-C767-4D09-AE13-C77C587F6FFF}.Debug|x64.Build.0 = Debug|x64
		{506E0BF7-C767-4D09-AE13-C77C587F6FFF}.Debug|x86.ActiveCfg = Debug|Win32
		{506E0BF7-C767-4D09-AE13-C77C587F6FFF}.Debug|x86.Build.0 = Debug|Win32
		{506E0BF7-C767-4D09-AE13-C77C587F6FFF}.Release|x64.ActiveCfg = Release|x64
		{506E0BF7-C767-4D09-AE13-C77C587F6FFF}.Release|x64.Build.0 = Release|x64
		{506E0BF7-C767-4D09-AE13-C77C587F6FFF}.Release|x86.ActiveCfg = Release|Win32
		{506E0BF7-C767-4D09-AE13-C77C587F6FFF}.Release|x86.Build.0 = Release|Win32
	EndGlobalSection
	GlobalSection(SolutionProperties) = preSolution
		HideSolutionNode = FALSE
	EndGlobalSection
	GlobalSection(ExtensibilityGlobals) = postSolution
		SolutionGuid = {CA1EC120-C12E-445F-A783-260777C777E0}
	EndGlobalSection
EndGlobal
