
Microsoft Visual Studio Solution File, Format Version 12.00
# Visual Studio Version 16
VisualStudioVersion = 16.0.30907.101
MinimumVisualStudioVersion = 10.0.40219.1
Project("{FAE04EC0-301F-11D3-BF4B-00C04F79EFBC}") = "SamuelsonsFormulaOfFinancialMarket", "SamuelsonsFormulaOfFinancialMarket\SamuelsonsFormulaOfFinancialMarket.csproj", "{DD652DE0-C0A5-44D4-BE1D-ACE8C4465E03}"
EndProject
Global
	GlobalSection(SolutionConfigurationPlatforms) = preSolution
		Debug|Any CPU = Debug|Any CPU
		Release|Any CPU = Release|Any CPU
	EndGlobalSection
	GlobalSection(ProjectConfigurationPlatforms) = postSolution
		{DD652DE0-C0A5-44D4-BE1D-ACE8C4465E03}.Debug|Any CPU.ActiveCfg = Debug|Any CPU
		{DD652DE0-C0A5-44D4-BE1D-ACE8C4465E03}.Debug|Any CPU.Build.0 = Debug|Any CPU
		{DD652DE0-C0A5-44D4-BE1D-ACE8C4465E03}.Release|Any CPU.ActiveCfg = Release|Any CPU
		{DD652DE0-C0A5-44D4-BE1D-ACE8C4465E03}.Release|Any CPU.Build.0 = Release|Any CPU
	EndGlobalSection
	GlobalSection(SolutionProperties) = preSolution
		HideSolutionNode = FALSE
	EndGlobalSection
	GlobalSection(ExtensibilityGlobals) = postSolution
		SolutionGuid = {AB0F8315-68FA-4C0F-B910-6BFC31136C6D}
	EndGlobalSection
EndGlobal
