
Microsoft Visual Studio Solution File, Format Version 12.00
# Visual Studio Version 16
VisualStudioVersion = 16.0.30907.101
MinimumVisualStudioVersion = 10.0.40219.1
Project("{FAE04EC0-301F-11D3-BF4B-00C04F79EFBC}") = "LotkaVolterraModelWithCompetition", "LotkaVolterraModelWithCompetition\LotkaVolterraModelWithCompetition.csproj", "{74931C54-9737-42CB-A9CE-F8C621785933}"
EndProject
Global
	GlobalSection(SolutionConfigurationPlatforms) = preSolution
		Debug|Any CPU = Debug|Any CPU
		Release|Any CPU = Release|Any CPU
	EndGlobalSection
	GlobalSection(ProjectConfigurationPlatforms) = postSolution
		{74931C54-9737-42CB-A9CE-F8C621785933}.Debug|Any CPU.ActiveCfg = Debug|Any CPU
		{74931C54-9737-42CB-A9CE-F8C621785933}.Debug|Any CPU.Build.0 = Debug|Any CPU
		{74931C54-9737-42CB-A9CE-F8C621785933}.Release|Any CPU.ActiveCfg = Release|Any CPU
		{74931C54-9737-42CB-A9CE-F8C621785933}.Release|Any CPU.Build.0 = Release|Any CPU
	EndGlobalSection
	GlobalSection(SolutionProperties) = preSolution
		HideSolutionNode = FALSE
	EndGlobalSection
	GlobalSection(ExtensibilityGlobals) = postSolution
		SolutionGuid = {DA9D7BB7-C6C7-4DCB-B8B0-2601196A7CD1}
	EndGlobalSection
EndGlobal
