
Microsoft Visual Studio Solution File, Format Version 12.00
# Visual Studio Version 16
VisualStudioVersion = 16.0.30907.101
MinimumVisualStudioVersion = 10.0.40219.1
Project("{FAE04EC0-301F-11D3-BF4B-00C04F79EFBC}") = "NewtonsMethodInPerturbationsPresence", "NewtonsMethodInPerturbationsPresence\NewtonsMethodInPerturbationsPresence.csproj", "{15DC320D-6FC3-481F-9800-23BF3827B06B}"
EndProject
Global
	GlobalSection(SolutionConfigurationPlatforms) = preSolution
		Debug|Any CPU = Debug|Any CPU
		Release|Any CPU = Release|Any CPU
	EndGlobalSection
	GlobalSection(ProjectConfigurationPlatforms) = postSolution
		{15DC320D-6FC3-481F-9800-23BF3827B06B}.Debug|Any CPU.ActiveCfg = Debug|Any CPU
		{15DC320D-6FC3-481F-9800-23BF3827B06B}.Debug|Any CPU.Build.0 = Debug|Any CPU
		{15DC320D-6FC3-481F-9800-23BF3827B06B}.Release|Any CPU.ActiveCfg = Release|Any CPU
		{15DC320D-6FC3-481F-9800-23BF3827B06B}.Release|Any CPU.Build.0 = Release|Any CPU
	EndGlobalSection
	GlobalSection(SolutionProperties) = preSolution
		HideSolutionNode = FALSE
	EndGlobalSection
	GlobalSection(ExtensibilityGlobals) = postSolution
		SolutionGuid = {E08C74F9-E9CA-440E-9959-5644E3DA7BDA}
	EndGlobalSection
EndGlobal
