
Microsoft Visual Studio Solution File, Format Version 12.00
# Visual Studio Version 16
VisualStudioVersion = 16.0.29728.190
MinimumVisualStudioVersion = 10.0.40219.1
Project("{FAE04EC0-301F-11D3-BF4B-00C04F79EFBC}") = "MultiStepMethods", "MultiStepMethods\MultiStepMethods.csproj", "{81518697-9485-42C0-AD60-B4EA2FB33373}"
EndProject
Global
	GlobalSection(SolutionConfigurationPlatforms) = preSolution
		Debug|Any CPU = Debug|Any CPU
		Release|Any CPU = Release|Any CPU
	EndGlobalSection
	GlobalSection(ProjectConfigurationPlatforms) = postSolution
		{81518697-9485-42C0-AD60-B4EA2FB33373}.Debug|Any CPU.ActiveCfg = Debug|Any CPU
		{81518697-9485-42C0-AD60-B4EA2FB33373}.Debug|Any CPU.Build.0 = Debug|Any CPU
		{81518697-9485-42C0-AD60-B4EA2FB33373}.Release|Any CPU.ActiveCfg = Release|Any CPU
		{81518697-9485-42C0-AD60-B4EA2FB33373}.Release|Any CPU.Build.0 = Release|Any CPU
	EndGlobalSection
	GlobalSection(SolutionProperties) = preSolution
		HideSolutionNode = FALSE
	EndGlobalSection
	GlobalSection(ExtensibilityGlobals) = postSolution
		SolutionGuid = {48027A86-F702-423B-83D3-D34696D171AF}
	EndGlobalSection
EndGlobal
