
Microsoft Visual Studio Solution File, Format Version 12.00
# Visual Studio 15
VisualStudioVersion = 15.0.27004.2010
MinimumVisualStudioVersion = 10.0.40219.1
Project("{8BC9CEB8-8B4A-11D0-8D11-00A0C91BC942}") = "B_22_Class", "B_22_Class\B_22_Class.vcxproj", "{41A99799-B5B1-4091-A7D3-D2D088908310}"
EndProject
Global
	GlobalSection(SolutionConfigurationPlatforms) = preSolution
		Debug|x64 = Debug|x64
		Debug|x86 = Debug|x86
		Release|x64 = Release|x64
		Release|x86 = Release|x86
	EndGlobalSection
	GlobalSection(ProjectConfigurationPlatforms) = postSolution
		{41A99799-B5B1-4091-A7D3-D2D088908310}.Debug|x64.ActiveCfg = Debug|x64
		{41A99799-B5B1-4091-A7D3-D2D088908310}.Debug|x64.Build.0 = Debug|x64
		{41A99799-B5B1-4091-A7D3-D2D088908310}.Debug|x86.ActiveCfg = Debug|Win32
		{41A99799-B5B1-4091-A7D3-D2D088908310}.Debug|x86.Build.0 = Debug|Win32
		{41A99799-B5B1-4091-A7D3-D2D088908310}.Release|x64.ActiveCfg = Release|x64
		{41A99799-B5B1-4091-A7D3-D2D088908310}.Release|x64.Build.0 = Release|x64
		{41A99799-B5B1-4091-A7D3-D2D088908310}.Release|x86.ActiveCfg = Release|Win32
		{41A99799-B5B1-4091-A7D3-D2D088908310}.Release|x86.Build.0 = Release|Win32
	EndGlobalSection
	GlobalSection(SolutionProperties) = preSolution
		HideSolutionNode = FALSE
	EndGlobalSection
	GlobalSection(ExtensibilityGlobals) = postSolution
		SolutionGuid = {79101157-1CF1-47A3-86C2-0CB814EC7506}
	EndGlobalSection
EndGlobal
