
Microsoft Visual Studio Solution File, Format Version 12.00
# Visual Studio 15
VisualStudioVersion = 15.0.28307.757
MinimumVisualStudioVersion = 10.0.40219.1
Project("{FAE04EC0-301F-11D3-BF4B-00C04F79EFBC}") = "BankApplication", "BankApplication\BankApplication.csproj", "{C585A2F1-934B-4ABA-B2B0-A6341A78CBDA}"
EndProject
Global
	GlobalSection(SolutionConfigurationPlatforms) = preSolution
		Debug|Any CPU = Debug|Any CPU
		Release|Any CPU = Release|Any CPU
	EndGlobalSection
	GlobalSection(ProjectConfigurationPlatforms) = postSolution
		{C585A2F1-934B-4ABA-B2B0-A6341A78CBDA}.Debug|Any CPU.ActiveCfg = Debug|Any CPU
		{C585A2F1-934B-4ABA-B2B0-A6341A78CBDA}.Debug|Any CPU.Build.0 = Debug|Any CPU
		{C585A2F1-934B-4ABA-B2B0-A6341A78CBDA}.Release|Any CPU.ActiveCfg = Release|Any CPU
		{C585A2F1-934B-4ABA-B2B0-A6341A78CBDA}.Release|Any CPU.Build.0 = Release|Any CPU
	EndGlobalSection
	GlobalSection(SolutionProperties) = preSolution
		HideSolutionNode = FALSE
	EndGlobalSection
	GlobalSection(ExtensibilityGlobals) = postSolution
		SolutionGuid = {392B4D0A-C8F3-406D-89C8-3453CC6B675F}
	EndGlobalSection
EndGlobal
