
Microsoft Visual Studio Solution File, Format Version 12.00
# Visual Studio 15
VisualStudioVersion = 15.0.27130.2003
MinimumVisualStudioVersion = 10.0.40219.1
Project("{8BC9CEB8-8B4A-11D0-8D11-00A0C91BC942}") = "Bezy", "Bezy\Bezy.vcxproj", "{611F6D6E-11B7-4E63-B32A-B0648B3836ED}"
EndProject
Global
	GlobalSection(SolutionConfigurationPlatforms) = preSolution
		Debug|x64 = Debug|x64
		Debug|x86 = Debug|x86
		Release|x64 = Release|x64
		Release|x86 = Release|x86
	EndGlobalSection
	GlobalSection(ProjectConfigurationPlatforms) = postSolution
		{611F6D6E-11B7-4E63-B32A-B0648B3836ED}.Debug|x64.ActiveCfg = Debug|x64
		{611F6D6E-11B7-4E63-B32A-B0648B3836ED}.Debug|x64.Build.0 = Debug|x64
		{611F6D6E-11B7-4E63-B32A-B0648B3836ED}.Debug|x86.ActiveCfg = Debug|Win32
		{611F6D6E-11B7-4E63-B32A-B0648B3836ED}.Debug|x86.Build.0 = Debug|Win32
		{611F6D6E-11B7-4E63-B32A-B0648B3836ED}.Release|x64.ActiveCfg = Release|x64
		{611F6D6E-11B7-4E63-B32A-B0648B3836ED}.Release|x64.Build.0 = Release|x64
		{611F6D6E-11B7-4E63-B32A-B0648B3836ED}.Release|x86.ActiveCfg = Release|Win32
		{611F6D6E-11B7-4E63-B32A-B0648B3836ED}.Release|x86.Build.0 = Release|Win32
	EndGlobalSection
	GlobalSection(SolutionProperties) = preSolution
		HideSolutionNode = FALSE
	EndGlobalSection
	GlobalSection(ExtensibilityGlobals) = postSolution
		SolutionGuid = {850D981D-55EC-41B2-8237-EBCFBF705C98}
	EndGlobalSection
EndGlobal
