
Microsoft Visual Studio Solution File, Format Version 12.00
# Visual Studio 15
VisualStudioVersion = 15.0.27130.2003
MinimumVisualStudioVersion = 10.0.40219.1
Project("{8BC9CEB8-8B4A-11D0-8D11-00A0C91BC942}") = "Class_legasy_01", "Class_legasy_01\Class_legasy_01.vcxproj", "{7A836C4B-BCEB-49EF-A7AE-7F7ED57E7AF9}"
EndProject
Global
	GlobalSection(SolutionConfigurationPlatforms) = preSolution
		Debug|x64 = Debug|x64
		Debug|x86 = Debug|x86
		Release|x64 = Release|x64
		Release|x86 = Release|x86
	EndGlobalSection
	GlobalSection(ProjectConfigurationPlatforms) = postSolution
		{7A836C4B-BCEB-49EF-A7AE-7F7ED57E7AF9}.Debug|x64.ActiveCfg = Debug|x64
		{7A836C4B-BCEB-49EF-A7AE-7F7ED57E7AF9}.Debug|x64.Build.0 = Debug|x64
		{7A836C4B-BCEB-49EF-A7AE-7F7ED57E7AF9}.Debug|x86.ActiveCfg = Debug|Win32
		{7A836C4B-BCEB-49EF-A7AE-7F7ED57E7AF9}.Debug|x86.Build.0 = Debug|Win32
		{7A836C4B-BCEB-49EF-A7AE-7F7ED57E7AF9}.Release|x64.ActiveCfg = Release|x64
		{7A836C4B-BCEB-49EF-A7AE-7F7ED57E7AF9}.Release|x64.Build.0 = Release|x64
		{7A836C4B-BCEB-49EF-A7AE-7F7ED57E7AF9}.Release|x86.ActiveCfg = Release|Win32
		{7A836C4B-BCEB-49EF-A7AE-7F7ED57E7AF9}.Release|x86.Build.0 = Release|Win32
	EndGlobalSection
	GlobalSection(SolutionProperties) = preSolution
		HideSolutionNode = FALSE
	EndGlobalSection
	GlobalSection(ExtensibilityGlobals) = postSolution
		SolutionGuid = {AC7A6FF4-E542-46AA-BAAB-1D33AD4DEBBE}
	EndGlobalSection
EndGlobal
