
Microsoft Visual Studio Solution File, Format Version 12.00
# Visual Studio 15
VisualStudioVersion = 15.0.27130.2003
MinimumVisualStudioVersion = 10.0.40219.1
Project("{8BC9CEB8-8B4A-11D0-8D11-00A0C91BC942}") = "12_04_2018", "12_04_2018\12_04_2018.vcxproj", "{52787101-E79E-4E4C-AAAC-D19DEA09C18F}"
EndProject
Global
	GlobalSection(SolutionConfigurationPlatforms) = preSolution
		Debug|x64 = Debug|x64
		Debug|x86 = Debug|x86
		Release|x64 = Release|x64
		Release|x86 = Release|x86
	EndGlobalSection
	GlobalSection(ProjectConfigurationPlatforms) = postSolution
		{52787101-E79E-4E4C-AAAC-D19DEA09C18F}.Debug|x64.ActiveCfg = Debug|x64
		{52787101-E79E-4E4C-AAAC-D19DEA09C18F}.Debug|x64.Build.0 = Debug|x64
		{52787101-E79E-4E4C-AAAC-D19DEA09C18F}.Debug|x86.ActiveCfg = Debug|Win32
		{52787101-E79E-4E4C-AAAC-D19DEA09C18F}.Debug|x86.Build.0 = Debug|Win32
		{52787101-E79E-4E4C-AAAC-D19DEA09C18F}.Release|x64.ActiveCfg = Release|x64
		{52787101-E79E-4E4C-AAAC-D19DEA09C18F}.Release|x64.Build.0 = Release|x64
		{52787101-E79E-4E4C-AAAC-D19DEA09C18F}.Release|x86.ActiveCfg = Release|Win32
		{52787101-E79E-4E4C-AAAC-D19DEA09C18F}.Release|x86.Build.0 = Release|Win32
	EndGlobalSection
	GlobalSection(SolutionProperties) = preSolution
		HideSolutionNode = FALSE
	EndGlobalSection
	GlobalSection(ExtensibilityGlobals) = postSolution
		SolutionGuid = {540FFBAB-9E82-41BD-BD43-18658D85F085}
	EndGlobalSection
EndGlobal
