
Microsoft Visual Studio Solution File, Format Version 12.00
# Visual Studio 15
VisualStudioVersion = 15.0.26730.16
MinimumVisualStudioVersion = 10.0.40219.1
Project("{8BC9CEB8-8B4A-11D0-8D11-00A0C91BC942}") = "CR_1", "CR_1\CR_1.vcxproj", "{0AE11474-F082-4E82-8CFE-0A8D6333F794}"
EndProject
Global
	GlobalSection(SolutionConfigurationPlatforms) = preSolution
		Debug|x64 = Debug|x64
		Debug|x86 = Debug|x86
		Release|x64 = Release|x64
		Release|x86 = Release|x86
	EndGlobalSection
	GlobalSection(ProjectConfigurationPlatforms) = postSolution
		{0AE11474-F082-4E82-8CFE-0A8D6333F794}.Debug|x64.ActiveCfg = Debug|x64
		{0AE11474-F082-4E82-8CFE-0A8D6333F794}.Debug|x64.Build.0 = Debug|x64
		{0AE11474-F082-4E82-8CFE-0A8D6333F794}.Debug|x86.ActiveCfg = Debug|Win32
		{0AE11474-F082-4E82-8CFE-0A8D6333F794}.Debug|x86.Build.0 = Debug|Win32
		{0AE11474-F082-4E82-8CFE-0A8D6333F794}.Release|x64.ActiveCfg = Release|x64
		{0AE11474-F082-4E82-8CFE-0A8D6333F794}.Release|x64.Build.0 = Release|x64
		{0AE11474-F082-4E82-8CFE-0A8D6333F794}.Release|x86.ActiveCfg = Release|Win32
		{0AE11474-F082-4E82-8CFE-0A8D6333F794}.Release|x86.Build.0 = Release|Win32
	EndGlobalSection
	GlobalSection(SolutionProperties) = preSolution
		HideSolutionNode = FALSE
	EndGlobalSection
	GlobalSection(ExtensibilityGlobals) = postSolution
		SolutionGuid = {86157594-8307-4520-897B-33C286C4845F}
	EndGlobalSection
EndGlobal
