
Microsoft Visual Studio Solution File, Format Version 12.00
# Visual Studio Version 16
VisualStudioVersion = 16.0.30717.126
MinimumVisualStudioVersion = 10.0.40219.1
Project("{FAE04EC0-301F-11D3-BF4B-00C04F79EFBC}") = "GradientTypeMethodsWithSpaceStretching", "GradientTypeMethodsWithSpaceStretching\GradientTypeMethodsWithSpaceStretching.csproj", "{2C207998-40F8-49B0-BBC7-DFC43D9D235E}"
EndProject
Global
	GlobalSection(SolutionConfigurationPlatforms) = preSolution
		Debug|Any CPU = Debug|Any CPU
		Release|Any CPU = Release|Any CPU
	EndGlobalSection
	GlobalSection(ProjectConfigurationPlatforms) = postSolution
		{2C207998-40F8-49B0-BBC7-DFC43D9D235E}.Debug|Any CPU.ActiveCfg = Debug|Any CPU
		{2C207998-40F8-49B0-BBC7-DFC43D9D235E}.Debug|Any CPU.Build.0 = Debug|Any CPU
		{2C207998-40F8-49B0-BBC7-DFC43D9D235E}.Release|Any CPU.ActiveCfg = Release|Any CPU
		{2C207998-40F8-49B0-BBC7-DFC43D9D235E}.Release|Any CPU.Build.0 = Release|Any CPU
	EndGlobalSection
	GlobalSection(SolutionProperties) = preSolution
		HideSolutionNode = FALSE
	EndGlobalSection
	GlobalSection(ExtensibilityGlobals) = postSolution
		SolutionGuid = {2293EA7F-336F-430C-A4F7-F6713BE8003C}
	EndGlobalSection
EndGlobal
