
Microsoft Visual Studio Solution File, Format Version 12.00
# Visual Studio Version 16
VisualStudioVersion = 16.0.30907.101
MinimumVisualStudioVersion = 10.0.40219.1
Project("{FAE04EC0-301F-11D3-BF4B-00C04F79EFBC}") = "StirlingMethod", "StirlingMethod\StirlingMethod.csproj", "{F07D2401-1C9A-4635-A157-64F1BB9A744B}"
EndProject
Global
	GlobalSection(SolutionConfigurationPlatforms) = preSolution
		Debug|Any CPU = Debug|Any CPU
		Release|Any CPU = Release|Any CPU
	EndGlobalSection
	GlobalSection(ProjectConfigurationPlatforms) = postSolution
		{F07D2401-1C9A-4635-A157-64F1BB9A744B}.Debug|Any CPU.ActiveCfg = Debug|Any CPU
		{F07D2401-1C9A-4635-A157-64F1BB9A744B}.Debug|Any CPU.Build.0 = Debug|Any CPU
		{F07D2401-1C9A-4635-A157-64F1BB9A744B}.Release|Any CPU.ActiveCfg = Release|Any CPU
		{F07D2401-1C9A-4635-A157-64F1BB9A744B}.Release|Any CPU.Build.0 = Release|Any CPU
	EndGlobalSection
	GlobalSection(SolutionProperties) = preSolution
		HideSolutionNode = FALSE
	EndGlobalSection
	GlobalSection(ExtensibilityGlobals) = postSolution
		SolutionGuid = {1BF7134B-7708-4AAC-88A7-D5392B690B89}
	EndGlobalSection
EndGlobal
