
Microsoft Visual Studio Solution File, Format Version 12.00
# Visual Studio Version 16
VisualStudioVersion = 16.0.30523.141
MinimumVisualStudioVersion = 10.0.40219.1
Project("{FAE04EC0-301F-11D3-BF4B-00C04F79EFBC}") = "GaussZeidelMethod", "GaussZeidelMethod\GaussZeidelMethod.csproj", "{8639C749-B217-4521-BE49-36EC4C345894}"
EndProject
Global
	GlobalSection(SolutionConfigurationPlatforms) = preSolution
		Debug|Any CPU = Debug|Any CPU
		Release|Any CPU = Release|Any CPU
	EndGlobalSection
	GlobalSection(ProjectConfigurationPlatforms) = postSolution
		{8639C749-B217-4521-BE49-36EC4C345894}.Debug|Any CPU.ActiveCfg = Debug|Any CPU
		{8639C749-B217-4521-BE49-36EC4C345894}.Debug|Any CPU.Build.0 = Debug|Any CPU
		{8639C749-B217-4521-BE49-36EC4C345894}.Release|Any CPU.ActiveCfg = Release|Any CPU
		{8639C749-B217-4521-BE49-36EC4C345894}.Release|Any CPU.Build.0 = Release|Any CPU
	EndGlobalSection
	GlobalSection(SolutionProperties) = preSolution
		HideSolutionNode = FALSE
	EndGlobalSection
	GlobalSection(ExtensibilityGlobals) = postSolution
		SolutionGuid = {B2B87A6B-78EA-4263-8EF2-E89022FB9B62}
	EndGlobalSection
EndGlobal
